
Microsoft Visual Studio Solution File, Format Version 12.00
# 
Project("{FAE04EC0-301F-11D3-BF4B-00C04F79EFBC}") = "DevToys.Base64Url", "DevToys.Base64Url\DevToys.Base64Url.csproj", "{1E5FF630-201E-49B8-AAE7-59C8E0C17450}"
EndProject
Project("{FAE04EC0-301F-11D3-BF4B-00C04F79EFBC}") = "DevToys.Base64Url.Tests", "DevToys.Base64Url.Tests\DevToys.Base64Url.Tests.csproj", "{3F5D3FD4-CFB8-4C69-B2F6-8AFB5717442E}"
EndProject
Global
	GlobalSection(SolutionConfigurationPlatforms) = preSolution
		Debug|Any CPU = Debug|Any CPU
		Release|Any CPU = Release|Any CPU
	EndGlobalSection
	GlobalSection(ProjectConfigurationPlatforms) = postSolution
		{1E5FF630-201E-49B8-AAE7-59C8E0C17450}.Debug|Any CPU.ActiveCfg = Debug|Any CPU
		{1E5FF630-201E-49B8-AAE7-59C8E0C17450}.Debug|Any CPU.Build.0 = Debug|Any CPU
		{1E5FF630-201E-49B8-AAE7-59C8E0C17450}.Release|Any CPU.ActiveCfg = Release|Any CPU
		{1E5FF630-201E-49B8-AAE7-59C8E0C17450}.Release|Any CPU.Build.0 = Release|Any CPU
		{3F5D3FD4-CFB8-4C69-B2F6-8AFB5717442E}.Debug|Any CPU.ActiveCfg = Debug|Any CPU
		{3F5D3FD4-CFB8-4C69-B2F6-8AFB5717442E}.Debug|Any CPU.Build.0 = Debug|Any CPU
		{3F5D3FD4-CFB8-4C69-B2F6-8AFB5717442E}.Release|Any CPU.ActiveCfg = Release|Any CPU
		{3F5D3FD4-CFB8-4C69-B2F6-8AFB5717442E}.Release|Any CPU.Build.0 = Release|Any CPU
	EndGlobalSection
EndGlobal
